
Microsoft Visual Studio Solution File, Format Version 12.00
# Visual Studio 15
VisualStudioVersion = 15.0.27130.2010
MinimumVisualStudioVersion = 10.0.40219.1
Project("{FAE04EC0-301F-11D3-BF4B-00C04F79EFBC}") = "TranVanSong_DoAn", "TranVanSong_DoAn\TranVanSong_DoAn.csproj", "{2A76425E-EFFB-44DD-96AB-CAD53A0E0ECF}"
EndProject
Global
	GlobalSection(SolutionConfigurationPlatforms) = preSolution
		Debug|Any CPU = Debug|Any CPU
		Release|Any CPU = Release|Any CPU
	EndGlobalSection
	GlobalSection(ProjectConfigurationPlatforms) = postSolution
		{2A76425E-EFFB-44DD-96AB-CAD53A0E0ECF}.Debug|Any CPU.ActiveCfg = Debug|Any CPU
		{2A76425E-EFFB-44DD-96AB-CAD53A0E0ECF}.Debug|Any CPU.Build.0 = Debug|Any CPU
		{2A76425E-EFFB-44DD-96AB-CAD53A0E0ECF}.Release|Any CPU.ActiveCfg = Release|Any CPU
		{2A76425E-EFFB-44DD-96AB-CAD53A0E0ECF}.Release|Any CPU.Build.0 = Release|Any CPU
	EndGlobalSection
	GlobalSection(SolutionProperties) = preSolution
		HideSolutionNode = FALSE
	EndGlobalSection
	GlobalSection(ExtensibilityGlobals) = postSolution
		SolutionGuid = {9A55D737-64E3-4CFC-89AA-2BBF3AF40F88}
	EndGlobalSection
EndGlobal
